// !$*UTF8*$!
{
	archiveVersion = 1;
	classes = {
	};
	objectVersion = 56;
	objects = {

/* Begin PBXBuildFile section */
		2A9725342AC36E8600EA7DC6 /* AppDelegate.swift in Sources */ = {isa = PBXBuildFile; fileRef = 2A9725332AC36E8600EA7DC6 /* AppDelegate.swift */; };
		2A9725362AC36E8600EA7DC6 /* SceneDelegate.swift in Sources */ = {isa = PBXBuildFile; fileRef = 2A9725352AC36E8600EA7DC6 /* SceneDelegate.swift */; };
		2A9725382AC36E8600EA7DC6 /* OnboardingViewController.swift in Sources */ = {isa = PBXBuildFile; fileRef = 2A9725372AC36E8600EA7DC6 /* OnboardingViewController.swift */; };
		2A97253D2AC36E8800EA7DC6 /* Assets.xcassets in Resources */ = {isa = PBXBuildFile; fileRef = 2A97253C2AC36E8800EA7DC6 /* Assets.xcassets */; };
		2A9725402AC36E8800EA7DC6 /* LaunchScreen.storyboard in Resources */ = {isa = PBXBuildFile; fileRef = 2A97253E2AC36E8800EA7DC6 /* LaunchScreen.storyboard */; };
		2A97254B2AC370C300EA7DC6 /* ViewCode.swift in Sources */ = {isa = PBXBuildFile; fileRef = 2A97254A2AC370C300EA7DC6 /* ViewCode.swift */; };
		2A97254F2AC5C28500EA7DC6 /* HomeViewController.swift in Sources */ = {isa = PBXBuildFile; fileRef = 2A97254E2AC5C28500EA7DC6 /* HomeViewController.swift */; };
		2A9725512AC5C29500EA7DC6 /* HomeView.swift in Sources */ = {isa = PBXBuildFile; fileRef = 2A9725502AC5C29500EA7DC6 /* HomeView.swift */; };
		2A9725542AC5EB6F00EA7DC6 /* HomeCell.swift in Sources */ = {isa = PBXBuildFile; fileRef = 2A9725532AC5EB6F00EA7DC6 /* HomeCell.swift */; };
		2A9725562AC5F8FE00EA7DC6 /* Character.swift in Sources */ = {isa = PBXBuildFile; fileRef = 2A9725552AC5F8FE00EA7DC6 /* Character.swift */; };
		D4D2451F2AC51937000628AF /* CustomButton.swift in Sources */ = {isa = PBXBuildFile; fileRef = D4D2451E2AC51937000628AF /* CustomButton.swift */; };
		D4D245212AC5194D000628AF /* UIColor+Extensions.swift in Sources */ = {isa = PBXBuildFile; fileRef = D4D245202AC5194D000628AF /* UIColor+Extensions.swift */; };
		D4D245232AC5198E000628AF /* UIImage+Extensions.swift in Sources */ = {isa = PBXBuildFile; fileRef = D4D245222AC5198E000628AF /* UIImage+Extensions.swift */; };
		D4D245252AC519C6000628AF /* UIStackView+Extensions.swift in Sources */ = {isa = PBXBuildFile; fileRef = D4D245242AC519C6000628AF /* UIStackView+Extensions.swift */; };
		D4D2452A2AC51A98000628AF /* SF-Pro-Display-Light.otf in Resources */ = {isa = PBXBuildFile; fileRef = D4D245272AC51A97000628AF /* SF-Pro-Display-Light.otf */; };
		D4D2452B2AC51A98000628AF /* SF-Pro-Display-Bold.otf in Resources */ = {isa = PBXBuildFile; fileRef = D4D245282AC51A98000628AF /* SF-Pro-Display-Bold.otf */; };
		D4D2452C2AC51A98000628AF /* SF-Pro-Display-Regular.otf in Resources */ = {isa = PBXBuildFile; fileRef = D4D245292AC51A98000628AF /* SF-Pro-Display-Regular.otf */; };
		D4D2452E2AC51AF8000628AF /* UIFont+Extensions.swift in Sources */ = {isa = PBXBuildFile; fileRef = D4D2452D2AC51AF8000628AF /* UIFont+Extensions.swift */; };
		D4D245302AC51BEB000628AF /* OnboardingView.swift in Sources */ = {isa = PBXBuildFile; fileRef = D4D2452F2AC51BEB000628AF /* OnboardingView.swift */; };
/* End PBXBuildFile section */

/* Begin PBXFileReference section */
		2A9725302AC36E8600EA7DC6 /* Desafio Rick and Morty.app */ = {isa = PBXFileReference; explicitFileType = wrapper.application; includeInIndex = 0; path = "Desafio Rick and Morty.app"; sourceTree = BUILT_PRODUCTS_DIR; };
		2A9725332AC36E8600EA7DC6 /* AppDelegate.swift */ = {isa = PBXFileReference; lastKnownFileType = sourcecode.swift; path = AppDelegate.swift; sourceTree = "<group>"; };
		2A9725352AC36E8600EA7DC6 /* SceneDelegate.swift */ = {isa = PBXFileReference; lastKnownFileType = sourcecode.swift; path = SceneDelegate.swift; sourceTree = "<group>"; };
		2A9725372AC36E8600EA7DC6 /* OnboardingViewController.swift */ = {isa = PBXFileReference; lastKnownFileType = sourcecode.swift; path = OnboardingViewController.swift; sourceTree = "<group>"; };
		2A97253C2AC36E8800EA7DC6 /* Assets.xcassets */ = {isa = PBXFileReference; lastKnownFileType = folder.assetcatalog; path = Assets.xcassets; sourceTree = "<group>"; };
		2A97253F2AC36E8800EA7DC6 /* Base */ = {isa = PBXFileReference; lastKnownFileType = file.storyboard; name = Base; path = Base.lproj/LaunchScreen.storyboard; sourceTree = "<group>"; };
		2A9725412AC36E8800EA7DC6 /* Info.plist */ = {isa = PBXFileReference; lastKnownFileType = text.plist.xml; path = Info.plist; sourceTree = "<group>"; };
		2A97254A2AC370C300EA7DC6 /* ViewCode.swift */ = {isa = PBXFileReference; lastKnownFileType = sourcecode.swift; path = ViewCode.swift; sourceTree = "<group>"; };
		2A97254E2AC5C28500EA7DC6 /* HomeViewController.swift */ = {isa = PBXFileReference; lastKnownFileType = sourcecode.swift; path = HomeViewController.swift; sourceTree = "<group>"; };
		2A9725502AC5C29500EA7DC6 /* HomeView.swift */ = {isa = PBXFileReference; lastKnownFileType = sourcecode.swift; path = HomeView.swift; sourceTree = "<group>"; };
		2A9725532AC5EB6F00EA7DC6 /* HomeCell.swift */ = {isa = PBXFileReference; lastKnownFileType = sourcecode.swift; path = HomeCell.swift; sourceTree = "<group>"; };
		2A9725552AC5F8FE00EA7DC6 /* Character.swift */ = {isa = PBXFileReference; lastKnownFileType = sourcecode.swift; path = Character.swift; sourceTree = "<group>"; };
		D4D2451E2AC51937000628AF /* CustomButton.swift */ = {isa = PBXFileReference; lastKnownFileType = sourcecode.swift; path = CustomButton.swift; sourceTree = "<group>"; };
		D4D245202AC5194D000628AF /* UIColor+Extensions.swift */ = {isa = PBXFileReference; lastKnownFileType = sourcecode.swift; path = "UIColor+Extensions.swift"; sourceTree = "<group>"; };
		D4D245222AC5198E000628AF /* UIImage+Extensions.swift */ = {isa = PBXFileReference; lastKnownFileType = sourcecode.swift; path = "UIImage+Extensions.swift"; sourceTree = "<group>"; };
		D4D245242AC519C6000628AF /* UIStackView+Extensions.swift */ = {isa = PBXFileReference; lastKnownFileType = sourcecode.swift; path = "UIStackView+Extensions.swift"; sourceTree = "<group>"; };
		D4D245272AC51A97000628AF /* SF-Pro-Display-Light.otf */ = {isa = PBXFileReference; lastKnownFileType = file; path = "SF-Pro-Display-Light.otf"; sourceTree = "<group>"; };
		D4D245282AC51A98000628AF /* SF-Pro-Display-Bold.otf */ = {isa = PBXFileReference; lastKnownFileType = file; path = "SF-Pro-Display-Bold.otf"; sourceTree = "<group>"; };
		D4D245292AC51A98000628AF /* SF-Pro-Display-Regular.otf */ = {isa = PBXFileReference; lastKnownFileType = file; path = "SF-Pro-Display-Regular.otf"; sourceTree = "<group>"; };
		D4D2452D2AC51AF8000628AF /* UIFont+Extensions.swift */ = {isa = PBXFileReference; lastKnownFileType = sourcecode.swift; path = "UIFont+Extensions.swift"; sourceTree = "<group>"; };
		D4D2452F2AC51BEB000628AF /* OnboardingView.swift */ = {isa = PBXFileReference; lastKnownFileType = sourcecode.swift; path = OnboardingView.swift; sourceTree = "<group>"; };
/* End PBXFileReference section */

/* Begin PBXFrameworksBuildPhase section */
		2A97252D2AC36E8600EA7DC6 /* Frameworks */ = {
			isa = PBXFrameworksBuildPhase;
			buildActionMask = 2147483647;
			files = (
			);
			runOnlyForDeploymentPostprocessing = 0;
		};
/* End PBXFrameworksBuildPhase section */

/* Begin PBXGroup section */
		2A9725272AC36E8600EA7DC6 = {
			isa = PBXGroup;
			children = (
				2A9725322AC36E8600EA7DC6 /* Desafio Rick and Morty */,
				2A9725312AC36E8600EA7DC6 /* Products */,
			);
			sourceTree = "<group>";
		};
		2A9725312AC36E8600EA7DC6 /* Products */ = {
			isa = PBXGroup;
			children = (
				2A9725302AC36E8600EA7DC6 /* Desafio Rick and Morty.app */,
			);
			name = Products;
			sourceTree = "<group>";
		};
		2A9725322AC36E8600EA7DC6 /* Desafio Rick and Morty */ = {
			isa = PBXGroup;
			children = (
				2A9725492AC3707C00EA7DC6 /* Features */,
				2A9725482AC3705C00EA7DC6 /*  Helpers */,
				2A9725472AC3700A00EA7DC6 /* Application */,
				2A97253C2AC36E8800EA7DC6 /* Assets.xcassets */,
				2A97253E2AC36E8800EA7DC6 /* LaunchScreen.storyboard */,
				2A9725412AC36E8800EA7DC6 /* Info.plist */,
			);
			path = "Desafio Rick and Morty";
			sourceTree = "<group>";
		};
		2A9725472AC3700A00EA7DC6 /* Application */ = {
			isa = PBXGroup;
			children = (
				D4D245262AC51A7C000628AF /* Resources */,
				2A9725352AC36E8600EA7DC6 /* SceneDelegate.swift */,
				2A9725332AC36E8600EA7DC6 /* AppDelegate.swift */,
			);
			path = Application;
			sourceTree = "<group>";
		};
		2A9725482AC3705C00EA7DC6 /*  Helpers */ = {
			isa = PBXGroup;
			children = (
				D4D2451D2AC511D2000628AF /* Extensions */,
				D4D2451C2AC511C2000628AF /* Components */,
				2A97254A2AC370C300EA7DC6 /* ViewCode.swift */,
			);
			path = " Helpers";
			sourceTree = "<group>";
		};
		2A9725492AC3707C00EA7DC6 /* Features */ = {
			isa = PBXGroup;
			children = (
				2A9725522AC5EB3500EA7DC6 /* Home */,
				D4D2451B2AC5119E000628AF /* Onboarding */,
			);
			path = Features;
			sourceTree = "<group>";
		};
		2A9725522AC5EB3500EA7DC6 /* Home */ = {
			isa = PBXGroup;
			children = (
				2A97254E2AC5C28500EA7DC6 /* HomeViewController.swift */,
				2A9725502AC5C29500EA7DC6 /* HomeView.swift */,
				2A9725552AC5F8FE00EA7DC6 /* Character.swift */,
				2A9725532AC5EB6F00EA7DC6 /* HomeCell.swift */,
			);
			path = Home;
			sourceTree = "<group>";
		};
		D4D2451B2AC5119E000628AF /* Onboarding */ = {
			isa = PBXGroup;
			children = (
				2A9725372AC36E8600EA7DC6 /* OnboardingViewController.swift */,
				D4D2452F2AC51BEB000628AF /* OnboardingView.swift */,
			);
			path = Onboarding;
			sourceTree = "<group>";
		};
		D4D2451C2AC511C2000628AF /* Components */ = {
			isa = PBXGroup;
			children = (
				D4D2451E2AC51937000628AF /* CustomButton.swift */,
			);
			path = Components;
			sourceTree = "<group>";
		};
		D4D2451D2AC511D2000628AF /* Extensions */ = {
			isa = PBXGroup;
			children = (
				D4D245202AC5194D000628AF /* UIColor+Extensions.swift */,
				D4D245222AC5198E000628AF /* UIImage+Extensions.swift */,
				D4D245242AC519C6000628AF /* UIStackView+Extensions.swift */,
				D4D2452D2AC51AF8000628AF /* UIFont+Extensions.swift */,
			);
			path = Extensions;
			sourceTree = "<group>";
		};
		D4D245262AC51A7C000628AF /* Resources */ = {
			isa = PBXGroup;
			children = (
				D4D245282AC51A98000628AF /* SF-Pro-Display-Bold.otf */,
				D4D245272AC51A97000628AF /* SF-Pro-Display-Light.otf */,
				D4D245292AC51A98000628AF /* SF-Pro-Display-Regular.otf */,
			);
			path = Resources;
			sourceTree = "<group>";
		};
/* End PBXGroup section */

/* Begin PBXNativeTarget section */
		2A97252F2AC36E8600EA7DC6 /* Desafio Rick and Morty */ = {
			isa = PBXNativeTarget;
			buildConfigurationList = 2A9725442AC36E8800EA7DC6 /* Build configuration list for PBXNativeTarget "Desafio Rick and Morty" */;
			buildPhases = (
				2A97252C2AC36E8600EA7DC6 /* Sources */,
				2A97252D2AC36E8600EA7DC6 /* Frameworks */,
				2A97252E2AC36E8600EA7DC6 /* Resources */,
			);
			buildRules = (
			);
			dependencies = (
			);
			name = "Desafio Rick and Morty";
			productName = "Desafio Rick and Morty";
			productReference = 2A9725302AC36E8600EA7DC6 /* Desafio Rick and Morty.app */;
			productType = "com.apple.product-type.application";
		};
/* End PBXNativeTarget section */

/* Begin PBXProject section */
		2A9725282AC36E8600EA7DC6 /* Project object */ = {
			isa = PBXProject;
			attributes = {
				BuildIndependentTargetsInParallel = 1;
				LastSwiftUpdateCheck = 1430;
				LastUpgradeCheck = 1430;
				TargetAttributes = {
					2A97252F2AC36E8600EA7DC6 = {
						CreatedOnToolsVersion = 14.3.1;
					};
				};
			};
			buildConfigurationList = 2A97252B2AC36E8600EA7DC6 /* Build configuration list for PBXProject "Desafio Rick and Morty" */;
			compatibilityVersion = "Xcode 14.0";
			developmentRegion = en;
			hasScannedForEncodings = 0;
			knownRegions = (
				en,
				Base,
			);
			mainGroup = 2A9725272AC36E8600EA7DC6;
			productRefGroup = 2A9725312AC36E8600EA7DC6 /* Products */;
			projectDirPath = "";
			projectRoot = "";
			targets = (
				2A97252F2AC36E8600EA7DC6 /* Desafio Rick and Morty */,
			);
		};
/* End PBXProject section */

/* Begin PBXResourcesBuildPhase section */
		2A97252E2AC36E8600EA7DC6 /* Resources */ = {
			isa = PBXResourcesBuildPhase;
			buildActionMask = 2147483647;
			files = (
				2A9725402AC36E8800EA7DC6 /* LaunchScreen.storyboard in Resources */,
				D4D2452A2AC51A98000628AF /* SF-Pro-Display-Light.otf in Resources */,
				D4D2452B2AC51A98000628AF /* SF-Pro-Display-Bold.otf in Resources */,
				D4D2452C2AC51A98000628AF /* SF-Pro-Display-Regular.otf in Resources */,
				2A97253D2AC36E8800EA7DC6 /* Assets.xcassets in Resources */,
			);
			runOnlyForDeploymentPostprocessing = 0;
		};
/* End PBXResourcesBuildPhase section */

/* Begin PBXSourcesBuildPhase section */
		2A97252C2AC36E8600EA7DC6 /* Sources */ = {
			isa = PBXSourcesBuildPhase;
			buildActionMask = 2147483647;
			files = (
				2A9725382AC36E8600EA7DC6 /* OnboardingViewController.swift in Sources */,
				D4D245252AC519C6000628AF /* UIStackView+Extensions.swift in Sources */,
				D4D245212AC5194D000628AF /* UIColor+Extensions.swift in Sources */,
				2A9725342AC36E8600EA7DC6 /* AppDelegate.swift in Sources */,
				D4D245232AC5198E000628AF /* UIImage+Extensions.swift in Sources */,
				D4D245302AC51BEB000628AF /* OnboardingView.swift in Sources */,
				2A9725542AC5EB6F00EA7DC6 /* HomeCell.swift in Sources */,
				2A9725362AC36E8600EA7DC6 /* SceneDelegate.swift in Sources */,
				2A97254F2AC5C28500EA7DC6 /* HomeViewController.swift in Sources */,
				2A9725562AC5F8FE00EA7DC6 /* Character.swift in Sources */,
				2A97254B2AC370C300EA7DC6 /* ViewCode.swift in Sources */,
				2A9725512AC5C29500EA7DC6 /* HomeView.swift in Sources */,
				D4D2452E2AC51AF8000628AF /* UIFont+Extensions.swift in Sources */,
				D4D2451F2AC51937000628AF /* CustomButton.swift in Sources */,
			);
			runOnlyForDeploymentPostprocessing = 0;
		};
/* End PBXSourcesBuildPhase section */

/* Begin PBXVariantGroup section */
		2A97253E2AC36E8800EA7DC6 /* LaunchScreen.storyboard */ = {
			isa = PBXVariantGroup;
			children = (
				2A97253F2AC36E8800EA7DC6 /* Base */,
			);
			name = LaunchScreen.storyboard;
			sourceTree = "<group>";
		};
/* End PBXVariantGroup section */

/* Begin XCBuildConfiguration section */
		2A9725422AC36E8800EA7DC6 /* Debug */ = {
			isa = XCBuildConfiguration;
			buildSettings = {
				ALWAYS_SEARCH_USER_PATHS = NO;
				CLANG_ANALYZER_NONNULL = YES;
				CLANG_ANALYZER_NUMBER_OBJECT_CONVERSION = YES_AGGRESSIVE;
				CLANG_CXX_LANGUAGE_STANDARD = "gnu++20";
				CLANG_ENABLE_MODULES = YES;
				CLANG_ENABLE_OBJC_ARC = YES;
				CLANG_ENABLE_OBJC_WEAK = YES;
				CLANG_WARN_BLOCK_CAPTURE_AUTORELEASING = YES;
				CLANG_WARN_BOOL_CONVERSION = YES;
				CLANG_WARN_COMMA = YES;
				CLANG_WARN_CONSTANT_CONVERSION = YES;
				CLANG_WARN_DEPRECATED_OBJC_IMPLEMENTATIONS = YES;
				CLANG_WARN_DIRECT_OBJC_ISA_USAGE = YES_ERROR;
				CLANG_WARN_DOCUMENTATION_COMMENTS = YES;
				CLANG_WARN_EMPTY_BODY = YES;
				CLANG_WARN_ENUM_CONVERSION = YES;
				CLANG_WARN_INFINITE_RECURSION = YES;
				CLANG_WARN_INT_CONVERSION = YES;
				CLANG_WARN_NON_LITERAL_NULL_CONVERSION = YES;
				CLANG_WARN_OBJC_IMPLICIT_RETAIN_SELF = YES;
				CLANG_WARN_OBJC_LITERAL_CONVERSION = YES;
				CLANG_WARN_OBJC_ROOT_CLASS = YES_ERROR;
				CLANG_WARN_QUOTED_INCLUDE_IN_FRAMEWORK_HEADER = YES;
				CLANG_WARN_RANGE_LOOP_ANALYSIS = YES;
				CLANG_WARN_STRICT_PROTOTYPES = YES;
				CLANG_WARN_SUSPICIOUS_MOVE = YES;
				CLANG_WARN_UNGUARDED_AVAILABILITY = YES_AGGRESSIVE;
				CLANG_WARN_UNREACHABLE_CODE = YES;
				CLANG_WARN__DUPLICATE_METHOD_MATCH = YES;
				COPY_PHASE_STRIP = NO;
				DEBUG_INFORMATION_FORMAT = dwarf;
				ENABLE_STRICT_OBJC_MSGSEND = YES;
				ENABLE_TESTABILITY = YES;
				GCC_C_LANGUAGE_STANDARD = gnu11;
				GCC_DYNAMIC_NO_PIC = NO;
				GCC_NO_COMMON_BLOCKS = YES;
				GCC_OPTIMIZATION_LEVEL = 0;
				GCC_PREPROCESSOR_DEFINITIONS = (
					"DEBUG=1",
					"$(inherited)",
				);
				GCC_WARN_64_TO_32_BIT_CONVERSION = YES;
				GCC_WARN_ABOUT_RETURN_TYPE = YES_ERROR;
				GCC_WARN_UNDECLARED_SELECTOR = YES;
				GCC_WARN_UNINITIALIZED_AUTOS = YES_AGGRESSIVE;
				GCC_WARN_UNUSED_FUNCTION = YES;
				GCC_WARN_UNUSED_VARIABLE = YES;
				IPHONEOS_DEPLOYMENT_TARGET = 16.4;
				MTL_ENABLE_DEBUG_INFO = INCLUDE_SOURCE;
				MTL_FAST_MATH = YES;
				ONLY_ACTIVE_ARCH = YES;
				SDKROOT = iphoneos;
				SWIFT_ACTIVE_COMPILATION_CONDITIONS = DEBUG;
				SWIFT_OPTIMIZATION_LEVEL = "-Onone";
			};
			name = Debug;
		};
		2A9725432AC36E8800EA7DC6 /* Release */ = {
			isa = XCBuildConfiguration;
			buildSettings = {
				ALWAYS_SEARCH_USER_PATHS = NO;
				CLANG_ANALYZER_NONNULL = YES;
				CLANG_ANALYZER_NUMBER_OBJECT_CONVERSION = YES_AGGRESSIVE;
				CLANG_CXX_LANGUAGE_STANDARD = "gnu++20";
				CLANG_ENABLE_MODULES = YES;
				CLANG_ENABLE_OBJC_ARC = YES;
				CLANG_ENABLE_OBJC_WEAK = YES;
				CLANG_WARN_BLOCK_CAPTURE_AUTORELEASING = YES;
				CLANG_WARN_BOOL_CONVERSION = YES;
				CLANG_WARN_COMMA = YES;
				CLANG_WARN_CONSTANT_CONVERSION = YES;
				CLANG_WARN_DEPRECATED_OBJC_IMPLEMENTATIONS = YES;
				CLANG_WARN_DIRECT_OBJC_ISA_USAGE = YES_ERROR;
				CLANG_WARN_DOCUMENTATION_COMMENTS = YES;
				CLANG_WARN_EMPTY_BODY = YES;
				CLANG_WARN_ENUM_CONVERSION = YES;
				CLANG_WARN_INFINITE_RECURSION = YES;
				CLANG_WARN_INT_CONVERSION = YES;
				CLANG_WARN_NON_LITERAL_NULL_CONVERSION = YES;
				CLANG_WARN_OBJC_IMPLICIT_RETAIN_SELF = YES;
				CLANG_WARN_OBJC_LITERAL_CONVERSION = YES;
				CLANG_WARN_OBJC_ROOT_CLASS = YES_ERROR;
				CLANG_WARN_QUOTED_INCLUDE_IN_FRAMEWORK_HEADER = YES;
				CLANG_WARN_RANGE_LOOP_ANALYSIS = YES;
				CLANG_WARN_STRICT_PROTOTYPES = YES;
				CLANG_WARN_SUSPICIOUS_MOVE = YES;
				CLANG_WARN_UNGUARDED_AVAILABILITY = YES_AGGRESSIVE;
				CLANG_WARN_UNREACHABLE_CODE = YES;
				CLANG_WARN__DUPLICATE_METHOD_MATCH = YES;
				COPY_PHASE_STRIP = NO;
				DEBUG_INFORMATION_FORMAT = "dwarf-with-dsym";
				ENABLE_NS_ASSERTIONS = NO;
				ENABLE_STRICT_OBJC_MSGSEND = YES;
				GCC_C_LANGUAGE_STANDARD = gnu11;
				GCC_NO_COMMON_BLOCKS = YES;
				GCC_WARN_64_TO_32_BIT_CONVERSION = YES;
				GCC_WARN_ABOUT_RETURN_TYPE = YES_ERROR;
				GCC_WARN_UNDECLARED_SELECTOR = YES;
				GCC_WARN_UNINITIALIZED_AUTOS = YES_AGGRESSIVE;
				GCC_WARN_UNUSED_FUNCTION = YES;
				GCC_WARN_UNUSED_VARIABLE = YES;
				IPHONEOS_DEPLOYMENT_TARGET = 16.4;
				MTL_ENABLE_DEBUG_INFO = NO;
				MTL_FAST_MATH = YES;
				SDKROOT = iphoneos;
				SWIFT_COMPILATION_MODE = wholemodule;
				SWIFT_OPTIMIZATION_LEVEL = "-O";
				VALIDATE_PRODUCT = YES;
			};
			name = Release;
		};
		2A9725452AC36E8800EA7DC6 /* Debug */ = {
			isa = XCBuildConfiguration;
			buildSettings = {
				ASSETCATALOG_COMPILER_APPICON_NAME = AppIcon;
				ASSETCATALOG_COMPILER_GLOBAL_ACCENT_COLOR_NAME = AccentColor;
				CODE_SIGN_STYLE = Automatic;
				CURRENT_PROJECT_VERSION = 1;
				DEVELOPMENT_TEAM = P2FGCKQAA9;
				GENERATE_INFOPLIST_FILE = YES;
				INFOPLIST_FILE = "Desafio Rick and Morty/Info.plist";
				INFOPLIST_KEY_UIApplicationSupportsIndirectInputEvents = YES;
				INFOPLIST_KEY_UILaunchStoryboardName = LaunchScreen;
				INFOPLIST_KEY_UIMainStoryboardFile = "";
				INFOPLIST_KEY_UISupportedInterfaceOrientations_iPad = "UIInterfaceOrientationPortrait UIInterfaceOrientationPortraitUpsideDown UIInterfaceOrientationLandscapeLeft UIInterfaceOrientationLandscapeRight";
				INFOPLIST_KEY_UISupportedInterfaceOrientations_iPhone = "UIInterfaceOrientationPortrait UIInterfaceOrientationLandscapeLeft UIInterfaceOrientationLandscapeRight";
				LD_RUNPATH_SEARCH_PATHS = (
					"$(inherited)",
					"@executable_path/Frameworks",
				);
				MARKETING_VERSION = 1.0;
				PRODUCT_BUNDLE_IDENTIFIER = "com.anapontes.Desafio-Rick-and-Morty";
				PRODUCT_NAME = "$(TARGET_NAME)";
				SWIFT_EMIT_LOC_STRINGS = YES;
				SWIFT_VERSION = 5.0;
				TARGETED_DEVICE_FAMILY = "1,2";
			};
			name = Debug;
		};
		2A9725462AC36E8800EA7DC6 /* Release */ = {
			isa = XCBuildConfiguration;
			buildSettings = {
				ASSETCATALOG_COMPILER_APPICON_NAME = AppIcon;
				ASSETCATALOG_COMPILER_GLOBAL_ACCENT_COLOR_NAME = AccentColor;
				CODE_SIGN_STYLE = Automatic;
				CURRENT_PROJECT_VERSION = 1;
				DEVELOPMENT_TEAM = P2FGCKQAA9;
				GENERATE_INFOPLIST_FILE = YES;
				INFOPLIST_FILE = "Desafio Rick and Morty/Info.plist";
				INFOPLIST_KEY_UIApplicationSupportsIndirectInputEvents = YES;
				INFOPLIST_KEY_UILaunchStoryboardName = LaunchScreen;
				INFOPLIST_KEY_UIMainStoryboardFile = "";
				INFOPLIST_KEY_UISupportedInterfaceOrientations_iPad = "UIInterfaceOrientationPortrait UIInterfaceOrientationPortraitUpsideDown UIInterfaceOrientationLandscapeLeft UIInterfaceOrientationLandscapeRight";
				INFOPLIST_KEY_UISupportedInterfaceOrientations_iPhone = "UIInterfaceOrientationPortrait UIInterfaceOrientationLandscapeLeft UIInterfaceOrientationLandscapeRight";
				LD_RUNPATH_SEARCH_PATHS = (
					"$(inherited)",
					"@executable_path/Frameworks",
				);
				MARKETING_VERSION = 1.0;
				PRODUCT_BUNDLE_IDENTIFIER = "com.anapontes.Desafio-Rick-and-Morty";
				PRODUCT_NAME = "$(TARGET_NAME)";
				SWIFT_EMIT_LOC_STRINGS = YES;
				SWIFT_VERSION = 5.0;
				TARGETED_DEVICE_FAMILY = "1,2";
			};
			name = Release;
		};
/* End XCBuildConfiguration section */

/* Begin XCConfigurationList section */
		2A97252B2AC36E8600EA7DC6 /* Build configuration list for PBXProject "Desafio Rick and Morty" */ = {
			isa = XCConfigurationList;
			buildConfigurations = (
				2A9725422AC36E8800EA7DC6 /* Debug */,
				2A9725432AC36E8800EA7DC6 /* Release */,
			);
			defaultConfigurationIsVisible = 0;
			defaultConfigurationName = Release;
		};
		2A9725442AC36E8800EA7DC6 /* Build configuration list for PBXNativeTarget "Desafio Rick and Morty" */ = {
			isa = XCConfigurationList;
			buildConfigurations = (
				2A9725452AC36E8800EA7DC6 /* Debug */,
				2A9725462AC36E8800EA7DC6 /* Release */,
			);
			defaultConfigurationIsVisible = 0;
			defaultConfigurationName = Release;
		};
/* End XCConfigurationList section */
	};
	rootObject = 2A9725282AC36E8600EA7DC6 /* Project object */;
}
